Microsoft Visual Studio Solution File, Format Version 12.00
# Visual Studio 2012
Project("{FAE04EC0-301F-11D3-BF4B-00C04F79EFBC}") = "Jumpy Ball", "Jumpy Ball.csproj", "{D1CFF62C-637D-4A9C-B9E0-B37D0546AE78}"
EndProject
Global
	GlobalSection(SolutionConfigurationPlatforms) = preSolution
	Debug|Any CPU = Debug|Any CPU
	ExportDebug|Any CPU = ExportDebug|Any CPU
	ExportRelease|Any CPU = ExportRelease|Any CPU
	EndGlobalSection
	GlobalSection(ProjectConfigurationPlatforms) = postSolution
		{D1CFF62C-637D-4A9C-B9E0-B37D0546AE78}.Debug|Any CPU.ActiveCfg = Debug|Any CPU
		{D1CFF62C-637D-4A9C-B9E0-B37D0546AE78}.Debug|Any CPU.Build.0 = Debug|Any CPU
		{D1CFF62C-637D-4A9C-B9E0-B37D0546AE78}.ExportDebug|Any CPU.ActiveCfg = ExportDebug|Any CPU
		{D1CFF62C-637D-4A9C-B9E0-B37D0546AE78}.ExportDebug|Any CPU.Build.0 = ExportDebug|Any CPU
		{D1CFF62C-637D-4A9C-B9E0-B37D0546AE78}.ExportRelease|Any CPU.ActiveCfg = ExportRelease|Any CPU
		{D1CFF62C-637D-4A9C-B9E0-B37D0546AE78}.ExportRelease|Any CPU.Build.0 = ExportRelease|Any CPU
	EndGlobalSection
EndGlobal
